{
  "nodes": {
    "nixpkgs": {
      "locked": {
        "lastModified": 1755152343,
        "narHash": "sha256-6NhwGvii7Fh54oSg08iREp2LouDIpy9cZr2DHpbpzaA=",
        "owner": "NixOS",
        "repo": "nixpkgs",
        "rev": "20a42bc21e54ac69d390af482945da2ed0f818c4",
        "type": "github"
      },
      "original": {
        "owner": "NixOS",
        "ref": "nixos-25.05-small",
        "repo": "nixpkgs",
        "type": "github"
      }
    },
    "root": {
      "inputs": {
        "nixpkgs": "nixpkgs"
      }
    }
  },
  "root": "root",
  "version": 7
}
