{
  "nodes": {
    "nixpkgs": {
      "locked": {
        "lastModified": 1774091411,
        "narHash": "sha256-P+9bwtvc75FdmXQpg9GLiA5a7xXddhwOam6AQZMRGn8=",
        "owner": "NixOS",
        "repo": "nixpkgs",
        "rev": "339e6f7841d6a785c1ca468e02cd0be88db5604e",
        "type": "github"
      },
      "original": {
        "owner": "NixOS",
        "ref": "nixos-25.11-small",
        "repo": "nixpkgs",
        "type": "github"
      }
    },
    "root": {
      "inputs": {
        "nixpkgs": "nixpkgs"
      }
    }
  },
  "root": "root",
  "version": 7
}
